
Microsoft Visual Studio Solution File, Format Version 12.00
# Visual Studio Version 17
VisualStudioVersion = 17.5.002.0
MinimumVisualStudioVersion = 10.0.40219.1
Project("{9A19103F-16F7-4668-BE54-9A1E7A4F7556}") = "Const-ReadOnly", "Const-ReadOnly.csproj", "{FDE8AD5C-EBCE-40FD-9EC0-A15ACB856C40}"
EndProject
Global
	GlobalSection(SolutionConfigurationPlatforms) = preSolution
		Debug|Any CPU = Debug|Any CPU
		Release|Any CPU = Release|Any CPU
	EndGlobalSection
	GlobalSection(ProjectConfigurationPlatforms) = postSolution
		{FDE8AD5C-EBCE-40FD-9EC0-A15ACB856C40}.Debug|Any CPU.ActiveCfg = Debug|Any CPU
		{FDE8AD5C-EBCE-40FD-9EC0-A15ACB856C40}.Debug|Any CPU.Build.0 = Debug|Any CPU
		{FDE8AD5C-EBCE-40FD-9EC0-A15ACB856C40}.Release|Any CPU.ActiveCfg = Release|Any CPU
		{FDE8AD5C-EBCE-40FD-9EC0-A15ACB856C40}.Release|Any CPU.Build.0 = Release|Any CPU
	EndGlobalSection
	GlobalSection(SolutionProperties) = preSolution
		HideSolutionNode = FALSE
	EndGlobalSection
	GlobalSection(ExtensibilityGlobals) = postSolution
		SolutionGuid = {132FE493-4ED3-4D30-812C-0A143BCC0803}
	EndGlobalSection
EndGlobal
